
Microsoft Visual Studio Solution File, Format Version 12.00
# Visual Studio Version 16
VisualStudioVersion = 16.0.31702.278
MinimumVisualStudioVersion = 10.0.40219.1
Project("{888888A0-9F3D-457C-B088-3A5042F75D52}") = "GridWalker", "GridWalker.pyproj", "{891C03DD-81CF-4A4D-A2EA-3A5DAAD1E62C}"
EndProject
Global
	GlobalSection(SolutionConfigurationPlatforms) = preSolution
		Debug|Any CPU = Debug|Any CPU
		Release|Any CPU = Release|Any CPU
	EndGlobalSection
	GlobalSection(ProjectConfigurationPlatforms) = postSolution
		{891C03DD-81CF-4A4D-A2EA-3A5DAAD1E62C}.Debug|Any CPU.ActiveCfg = Debug|Any CPU
		{891C03DD-81CF-4A4D-A2EA-3A5DAAD1E62C}.Release|Any CPU.ActiveCfg = Release|Any CPU
	EndGlobalSection
	GlobalSection(SolutionProperties) = preSolution
		HideSolutionNode = FALSE
	EndGlobalSection
	GlobalSection(ExtensibilityGlobals) = postSolution
		SolutionGuid = {E4392ED6-EC3E-4ACC-B621-0CD51F385F8A}
	EndGlobalSection
EndGlobal
